
Microsoft Visual Studio Solution File, Format Version 12.00
# Visual Studio Version 17
VisualStudioVersion = 17.4.33122.133
MinimumVisualStudioVersion = 10.0.40219.1
Project("{FAE04EC0-301F-11D3-BF4B-00C04F79EFBC}") = "MediaMakerTechTest", "MediaMakerTechTest\MediaMakerTechTest.csproj", "{230724AF-0CA7-48CE-AE6F-CEA9CC350487}"
EndProject
Project("{FAE04EC0-301F-11D3-BF4B-00C04F79EFBC}") = "MediaMakerTechTest_Test", "MediaMakerTechTest_Test\MediaMakerTechTest_Test.csproj", "{1857BEB6-73E1-4510-848A-E0564AFA1878}"
EndProject
Global
	GlobalSection(SolutionConfigurationPlatforms) = preSolution
		Debug|Any CPU = Debug|Any CPU
		Release|Any CPU = Release|Any CPU
	EndGlobalSection
	GlobalSection(ProjectConfigurationPlatforms) = postSolution
		{230724AF-0CA7-48CE-AE6F-CEA9CC350487}.Debug|Any CPU.ActiveCfg = Debug|Any CPU
		{230724AF-0CA7-48CE-AE6F-CEA9CC350487}.Debug|Any CPU.Build.0 = Debug|Any CPU
		{230724AF-0CA7-48CE-AE6F-CEA9CC350487}.Release|Any CPU.ActiveCfg = Release|Any CPU
		{230724AF-0CA7-48CE-AE6F-CEA9CC350487}.Release|Any CPU.Build.0 = Release|Any CPU
		{1857BEB6-73E1-4510-848A-E0564AFA1878}.Debug|Any CPU.ActiveCfg = Debug|Any CPU
		{1857BEB6-73E1-4510-848A-E0564AFA1878}.Debug|Any CPU.Build.0 = Debug|Any CPU
		{1857BEB6-73E1-4510-848A-E0564AFA1878}.Release|Any CPU.ActiveCfg = Release|Any CPU
		{1857BEB6-73E1-4510-848A-E0564AFA1878}.Release|Any CPU.Build.0 = Release|Any CPU
	EndGlobalSection
	GlobalSection(SolutionProperties) = preSolution
		HideSolutionNode = FALSE
	EndGlobalSection
	GlobalSection(ExtensibilityGlobals) = postSolution
		SolutionGuid = {AC9279D8-0E44-43C8-9698-B4C9985CC317}
	EndGlobalSection
EndGlobal
